
Microsoft Visual Studio Solution File, Format Version 12.00
# Visual Studio Version 17
VisualStudioVersion = 17.0.31919.166
MinimumVisualStudioVersion = 10.0.40219.1
Project("{FAE04EC0-301F-11D3-BF4B-00C04F79EFBC}") = "MiPrimeraApi2", "MiPrimeraApi2.csproj", "{43646CC5-5E82-4721-AF12-F9629B3443D4}"
EndProject
Global
	GlobalSection(SolutionConfigurationPlatforms) = preSolution
		Debug|Any CPU = Debug|Any CPU
		Release|Any CPU = Release|Any CPU
	EndGlobalSection
	GlobalSection(ProjectConfigurationPlatforms) = postSolution
		{43646CC5-5E82-4721-AF12-F9629B3443D4}.Debug|Any CPU.ActiveCfg = Debug|Any CPU
		{43646CC5-5E82-4721-AF12-F9629B3443D4}.Debug|Any CPU.Build.0 = Debug|Any CPU
		{43646CC5-5E82-4721-AF12-F9629B3443D4}.Release|Any CPU.ActiveCfg = Release|Any CPU
		{43646CC5-5E82-4721-AF12-F9629B3443D4}.Release|Any CPU.Build.0 = Release|Any CPU
	EndGlobalSection
	GlobalSection(SolutionProperties) = preSolution
		HideSolutionNode = FALSE
	EndGlobalSection
	GlobalSection(ExtensibilityGlobals) = postSolution
		SolutionGuid = {A0EAF4AF-3678-491A-BE1E-A059F40E4AF0}
	EndGlobalSection
EndGlobal
